
Microsoft Visual Studio Solution File, Format Version 12.00
Project("{FAE04EC0-301F-11D3-BF4B-00C04F79EFBC}") = "OrderService.API", "OrderService.API\OrderService.API.csproj", "{6659464E-0304-4B5B-BD90-5EA220E5D0DD}"
EndProject
Project("{FAE04EC0-301F-11D3-BF4B-00C04F79EFBC}") = "OrderService.Core", "OrderService.Core\OrderService.Core.csproj", "{E99550BA-F023-455C-9E77-91A3288F9B4D}"
EndProject
Project("{FAE04EC0-301F-11D3-BF4B-00C04F79EFBC}") = "OrderService.Infrastructure", "OrderService.Infrastructure\OrderService.Infrastructure.csproj", "{3C72B12D-77E7-4910-821C-85D3BCAF63E8}"
EndProject
Project("{FAE04EC0-301F-11D3-BF4B-00C04F79EFBC}") = "OrderService.UnitTests", "OrderService.UnitTests\OrderService.UnitTests.csproj", "{DB5F171C-98F0-4DA8-9EC1-CD0B137BBFC4}"
EndProject
Global
	GlobalSection(SolutionConfigurationPlatforms) = preSolution
		Debug|Any CPU = Debug|Any CPU
		Release|Any CPU = Release|Any CPU
	EndGlobalSection
	GlobalSection(ProjectConfigurationPlatforms) = postSolution
		{6659464E-0304-4B5B-BD90-5EA220E5D0DD}.Debug|Any CPU.ActiveCfg = Debug|Any CPU
		{6659464E-0304-4B5B-BD90-5EA220E5D0DD}.Debug|Any CPU.Build.0 = Debug|Any CPU
		{6659464E-0304-4B5B-BD90-5EA220E5D0DD}.Release|Any CPU.ActiveCfg = Release|Any CPU
		{6659464E-0304-4B5B-BD90-5EA220E5D0DD}.Release|Any CPU.Build.0 = Release|Any CPU
		{E99550BA-F023-455C-9E77-91A3288F9B4D}.Debug|Any CPU.ActiveCfg = Debug|Any CPU
		{E99550BA-F023-455C-9E77-91A3288F9B4D}.Debug|Any CPU.Build.0 = Debug|Any CPU
		{E99550BA-F023-455C-9E77-91A3288F9B4D}.Release|Any CPU.ActiveCfg = Release|Any CPU
		{E99550BA-F023-455C-9E77-91A3288F9B4D}.Release|Any CPU.Build.0 = Release|Any CPU
		{3C72B12D-77E7-4910-821C-85D3BCAF63E8}.Debug|Any CPU.ActiveCfg = Debug|Any CPU
		{3C72B12D-77E7-4910-821C-85D3BCAF63E8}.Debug|Any CPU.Build.0 = Debug|Any CPU
		{3C72B12D-77E7-4910-821C-85D3BCAF63E8}.Release|Any CPU.ActiveCfg = Release|Any CPU
		{3C72B12D-77E7-4910-821C-85D3BCAF63E8}.Release|Any CPU.Build.0 = Release|Any CPU
		{DB5F171C-98F0-4DA8-9EC1-CD0B137BBFC4}.Debug|Any CPU.ActiveCfg = Debug|Any CPU
		{DB5F171C-98F0-4DA8-9EC1-CD0B137BBFC4}.Debug|Any CPU.Build.0 = Debug|Any CPU
		{DB5F171C-98F0-4DA8-9EC1-CD0B137BBFC4}.Release|Any CPU.ActiveCfg = Release|Any CPU
		{DB5F171C-98F0-4DA8-9EC1-CD0B137BBFC4}.Release|Any CPU.Build.0 = Release|Any CPU
	EndGlobalSection
EndGlobal
