
Microsoft Visual Studio Solution File, Format Version 12.00
Project("{FAE04EC0-301F-11D3-BF4B-00C04F79EFBC}") = "AuthenticationService.API", "AuthenticationService.API\AuthenticationService.API.csproj", "{D927D8D6-1FB2-4863-82EB-A235CA5F4BEE}"
EndProject
Project("{FAE04EC0-301F-11D3-BF4B-00C04F79EFBC}") = "AuthenticationService.Core", "AuthenticationService.Core\AuthenticationService.Core.csproj", "{B07E423E-1C00-46F9-98E7-68693DC7BA66}"
EndProject
Project("{FAE04EC0-301F-11D3-BF4B-00C04F79EFBC}") = "AuthenticationService.Infrastructure", "AuthenticationService.Infrastructure\AuthenticationService.Infrastructure.csproj", "{FF55AB29-A25B-4893-A18C-EA15F9D3260B}"
EndProject
Project("{FAE04EC0-301F-11D3-BF4B-00C04F79EFBC}") = "AuthenticationService.UnitTests", "AuthenticationService.UnitTests\AuthenticationService.UnitTests.csproj", "{CB266CCA-DAE7-4207-980B-DB4E944C30ED}"
EndProject
Global
	GlobalSection(SolutionConfigurationPlatforms) = preSolution
		Debug|Any CPU = Debug|Any CPU
		Release|Any CPU = Release|Any CPU
	EndGlobalSection
	GlobalSection(ProjectConfigurationPlatforms) = postSolution
		{D927D8D6-1FB2-4863-82EB-A235CA5F4BEE}.Debug|Any CPU.ActiveCfg = Debug|Any CPU
		{D927D8D6-1FB2-4863-82EB-A235CA5F4BEE}.Debug|Any CPU.Build.0 = Debug|Any CPU
		{D927D8D6-1FB2-4863-82EB-A235CA5F4BEE}.Release|Any CPU.ActiveCfg = Release|Any CPU
		{D927D8D6-1FB2-4863-82EB-A235CA5F4BEE}.Release|Any CPU.Build.0 = Release|Any CPU
		{B07E423E-1C00-46F9-98E7-68693DC7BA66}.Debug|Any CPU.ActiveCfg = Debug|Any CPU
		{B07E423E-1C00-46F9-98E7-68693DC7BA66}.Debug|Any CPU.Build.0 = Debug|Any CPU
		{B07E423E-1C00-46F9-98E7-68693DC7BA66}.Release|Any CPU.ActiveCfg = Release|Any CPU
		{B07E423E-1C00-46F9-98E7-68693DC7BA66}.Release|Any CPU.Build.0 = Release|Any CPU
		{FF55AB29-A25B-4893-A18C-EA15F9D3260B}.Debug|Any CPU.ActiveCfg = Debug|Any CPU
		{FF55AB29-A25B-4893-A18C-EA15F9D3260B}.Debug|Any CPU.Build.0 = Debug|Any CPU
		{FF55AB29-A25B-4893-A18C-EA15F9D3260B}.Release|Any CPU.ActiveCfg = Release|Any CPU
		{FF55AB29-A25B-4893-A18C-EA15F9D3260B}.Release|Any CPU.Build.0 = Release|Any CPU
		{CB266CCA-DAE7-4207-980B-DB4E944C30ED}.Debug|Any CPU.ActiveCfg = Debug|Any CPU
		{CB266CCA-DAE7-4207-980B-DB4E944C30ED}.Debug|Any CPU.Build.0 = Debug|Any CPU
		{CB266CCA-DAE7-4207-980B-DB4E944C30ED}.Release|Any CPU.ActiveCfg = Release|Any CPU
		{CB266CCA-DAE7-4207-980B-DB4E944C30ED}.Release|Any CPU.Build.0 = Release|Any CPU
	EndGlobalSection
EndGlobal
